
Microsoft Visual Studio Solution File, Format Version 12.00
# Visual Studio Version 17
VisualStudioVersion = 17.8.34525.116
MinimumVisualStudioVersion = 10.0.40219.1
Project("{F184B08F-C81C-45F6-A57F-5ABD9991F28F}") = "Warehouse Pivoter", "Warehouse Pivoter\Warehouse Pivoter.vbproj", "{44E1FB58-A010-49D2-A08D-1D5C4AA7D611}"
EndProject
Global
	GlobalSection(SolutionConfigurationPlatforms) = preSolution
		Debug|Any CPU = Debug|Any CPU
		Release|Any CPU = Release|Any CPU
	EndGlobalSection
	GlobalSection(ProjectConfigurationPlatforms) = postSolution
		{44E1FB58-A010-49D2-A08D-1D5C4AA7D611}.Debug|Any CPU.ActiveCfg = Debug|Any CPU
		{44E1FB58-A010-49D2-A08D-1D5C4AA7D611}.Debug|Any CPU.Build.0 = Debug|Any CPU
		{44E1FB58-A010-49D2-A08D-1D5C4AA7D611}.Release|Any CPU.ActiveCfg = Release|Any CPU
		{44E1FB58-A010-49D2-A08D-1D5C4AA7D611}.Release|Any CPU.Build.0 = Release|Any CPU
	EndGlobalSection
	GlobalSection(SolutionProperties) = preSolution
		HideSolutionNode = FALSE
	EndGlobalSection
	GlobalSection(ExtensibilityGlobals) = postSolution
		SolutionGuid = {71D9A751-D2A7-4F80-8CD3-31796A889AA5}
	EndGlobalSection
EndGlobal
